
Microsoft Visual Studio Solution File, Format Version 12.00
# Visual Studio Version 17
VisualStudioVersion = 17.0.32126.317
MinimumVisualStudioVersion = 10.0.40219.1
Project("{FAE04EC0-301F-11D3-BF4B-00C04F79EFBC}") = "KeyboardHook", "KeyboardHook\KeyboardHook.csproj", "{A93D82EB-316B-4430-9C80-6D5D07368527}"
EndProject
Global
	GlobalSection(SolutionConfigurationPlatforms) = preSolution
		Debug|Any CPU = Debug|Any CPU
		Release|Any CPU = Release|Any CPU
	EndGlobalSection
	GlobalSection(ProjectConfigurationPlatforms) = postSolution
		{A93D82EB-316B-4430-9C80-6D5D07368527}.Debug|Any CPU.ActiveCfg = Debug|Any CPU
		{A93D82EB-316B-4430-9C80-6D5D07368527}.Debug|Any CPU.Build.0 = Debug|Any CPU
		{A93D82EB-316B-4430-9C80-6D5D07368527}.Release|Any CPU.ActiveCfg = Release|Any CPU
		{A93D82EB-316B-4430-9C80-6D5D07368527}.Release|Any CPU.Build.0 = Release|Any CPU
	EndGlobalSection
	GlobalSection(SolutionProperties) = preSolution
		HideSolutionNode = FALSE
	EndGlobalSection
	GlobalSection(ExtensibilityGlobals) = postSolution
		SolutionGuid = {83A5F7E8-4861-4185-A5F6-540CFCA67AAF}
	EndGlobalSection
EndGlobal
